
Microsoft Visual Studio Solution File, Format Version 12.00
# Visual Studio 14
VisualStudioVersion = 14.0.22823.1
MinimumVisualStudioVersion = 10.0.40219.1
Project("{FAE04EC0-301F-11D3-BF4B-00C04F79EFBC}") = "Pomiary", "Pomiary\Pomiary.csproj", "{63620379-0EED-45BB-87C7-538568F1E5B4}"
EndProject
Project("{2150E333-8FDC-42A3-9474-1A3956D46DE8}") = "PublishScripts", "PublishScripts", "{29442913-0699-47CD-B80E-BD587DA3F6E5}"
	ProjectSection(SolutionItems) = preProject
		PublishScripts\AzureWebsitePublishModule.psm1 = PublishScripts\AzureWebsitePublishModule.psm1
		PublishScripts\Publish-WebApplicationWebsite.ps1 = PublishScripts\Publish-WebApplicationWebsite.ps1
	EndProjectSection
EndProject
Project("{2150E333-8FDC-42A3-9474-1A3956D46DE8}") = "Configurations", "Configurations", "{DAB81EF6-4A08-44FE-A6E2-05C5D82A3CAB}"
	ProjectSection(SolutionItems) = preProject
		PublishScripts\Configurations\Pomiary-WAWS-dev.json = PublishScripts\Configurations\Pomiary-WAWS-dev.json
	EndProjectSection
EndProject
Global
	GlobalSection(SolutionConfigurationPlatforms) = preSolution
		Debug|Any CPU = Debug|Any CPU
		Release|Any CPU = Release|Any CPU
	EndGlobalSection
	GlobalSection(ProjectConfigurationPlatforms) = postSolution
		{63620379-0EED-45BB-87C7-538568F1E5B4}.Debug|Any CPU.ActiveCfg = Debug|Any CPU
		{63620379-0EED-45BB-87C7-538568F1E5B4}.Debug|Any CPU.Build.0 = Debug|Any CPU
		{63620379-0EED-45BB-87C7-538568F1E5B4}.Release|Any CPU.ActiveCfg = Release|Any CPU
		{63620379-0EED-45BB-87C7-538568F1E5B4}.Release|Any CPU.Build.0 = Release|Any CPU
	EndGlobalSection
	GlobalSection(SolutionProperties) = preSolution
		HideSolutionNode = FALSE
	EndGlobalSection
	GlobalSection(NestedProjects) = preSolution
		{DAB81EF6-4A08-44FE-A6E2-05C5D82A3CAB} = {29442913-0699-47CD-B80E-BD587DA3F6E5}
	EndGlobalSection
EndGlobal
